Microsoft Visual Studio Solution File, Format Version 9.00
# Visual Studio 2005
Project("{18BABB90-BA66-4EFC-9658-AF6DFE612E13}") = "FireWireCameraComp", "FireWireCameraComp_vc8.vcproj", "{EDBFAE69-822E-4CC5-A004-5104667EB293}"
	ProjectSection(ProjectDependencies) = postProject
	EndProjectSection
EndProject
Project("{18BABB90-BA66-4EFC-9658-AF6DFE612E13}") = "FireWireCamera", "FireWireCamera_vc8.vcproj", "{4F7F95BA-75B2-4B13-AE4A-C2D53C68E3FA}"
	ProjectSection(ProjectDependencies) = postProject
	EndProjectSection
EndProject
Global
	GlobalSection(SolutionConfigurationPlatforms) = preSolution
		Release|Win32 = Release|Win32
		Debug|Win32 = Debug|Win32
	EndGlobalSection
	GlobalSection(ProjectConfigurationPlatforms) = postSolution
		{EDBFAE69-822E-4CC5-A004-5104667EB293}.Release|Win32.ActiveCfg = Release|Win32
		{EDBFAE69-822E-4CC5-A004-5104667EB293}.Release|Win32.Build.0   = Release|Win32
		{EDBFAE69-822E-4CC5-A004-5104667EB293}.Debug|Win32.ActiveCfg = Debug|Win32
		{EDBFAE69-822E-4CC5-A004-5104667EB293}.Debug|Win32.Build.0   = Debug|Win32
		{4F7F95BA-75B2-4B13-AE4A-C2D53C68E3FA}.Release|Win32.ActiveCfg = Release|Win32
		{4F7F95BA-75B2-4B13-AE4A-C2D53C68E3FA}.Release|Win32.Build.0   = Release|Win32
		{4F7F95BA-75B2-4B13-AE4A-C2D53C68E3FA}.Debug|Win32.ActiveCfg = Debug|Win32
		{4F7F95BA-75B2-4B13-AE4A-C2D53C68E3FA}.Debug|Win32.Build.0   = Debug|Win32
	EndGlobalSection
	GlobalSection(SolutionProperties) = preSolution
		HideSolutionNode = FALSE
	EndGlobalSection
EndGlobal
